// !$*UTF8*$!
{
	archiveVersion = 1;
	classes = {
	};
	objectVersion = 51;
	objects = {

/* Begin PBXBuildFile section */
		0304668B942C04E502AB4D44 /* UserProfileView.swift in Sources */ = {isa = PBXBuildFile; fileRef = 233E8A6DA351DEC50193DEA0 /* UserProfileView.swift */; };
		0CDD3BDFF0A732D15AFDF32B /* TransfersViewController.swift in Sources */ = {isa = PBXBuildFile; fileRef = 00AE0D00E32B733D5FC92B7D /* TransfersViewController.swift */; };
		0D4557D3B172F29DF47D9C89 /* FinanceAppUITestsLaunchTests.swift in Sources */ = {isa = PBXBuildFile; fileRef = 1657A2E7180D0DDBE1FC73AC /* FinanceAppUITestsLaunchTests.swift */; };
		1565385F9510E003E3C5374E /* UserProfileViewController.swift in Sources */ = {isa = PBXBuildFile; fileRef = 2C7E7F13F48F62C21B9571AA /* UserProfileViewController.swift */; };
		1DC02519DD35735C3896FC18 /* FinanceService.swift in Sources */ = {isa = PBXBuildFile; fileRef = 82571982912FC9612B0E26C7 /* FinanceService.swift */; };
		2143EEBFEAB1A101B97BD0B0 /* ActivityListView.swift in Sources */ = {isa = PBXBuildFile; fileRef = A3FABC85E2F05603BDFF59AD /* ActivityListView.swift */; };
		27AD6DE236FD0E19B82D9F54 /* HomeView.swift in Sources */ = {isa = PBXBuildFile; fileRef = C5594E94102EF89B9DF5614B /* HomeView.swift */; };
		3691176D19BA1487AEF2BC95 /* FinanceAppUITests.swift in Sources */ = {isa = PBXBuildFile; fileRef = 5FC4B70C5F2EB55248D85152 /* FinanceAppUITests.swift */; };
		3A5CA9551DB1EED38B2924FB /* HomeViewController.swift in Sources */ = {isa = PBXBuildFile; fileRef = CCF1E92CFD456C9C322B28F6 /* HomeViewController.swift */; };
		54F39EC1C1E0CB1FD8C24C65 /* SceneDelegate.swift in Sources */ = {isa = PBXBuildFile; fileRef = E2D5172EBC2EFF6EFF3AEB5C /* SceneDelegate.swift */; };
		5775727B84EA7115338C59D4 /* DebugViewController.swift in Sources */ = {isa = PBXBuildFile; fileRef = 941EC85054564C24E024E1AB /* DebugViewController.swift */; };
		5EBB9703B365B7AFFA65862F /* TabbarViewController.swift in Sources */ = {isa = PBXBuildFile; fileRef = 3ECA0DCEAB493A865938BA6D /* TabbarViewController.swift */; };
		6B042688C3DE98295B8CB159 /* LoadingView.swift in Sources */ = {isa = PBXBuildFile; fileRef = 1A4CB60BDABFFE94C83AAFCC /* LoadingView.swift */; };
		6C2F4532CB98CC3EF10928AA /* LaunchScreen.storyboard in Resources */ = {isa = PBXBuildFile; fileRef = ACC6C449FED98F7BDE13AB2A /* LaunchScreen.storyboard */; };
		7467F92DB30FD18B4C6E43CF /* ActivityDetailsView.swift in Sources */ = {isa = PBXBuildFile; fileRef = 3EF5038D81E1E53463FF1D9A /* ActivityDetailsView.swift */; };
		7489D7C8B7952EDF6F2C0E27 /* TabBarViewController.swift in Sources */ = {isa = PBXBuildFile; fileRef = 5D5443EB7528ACA9C532745A /* TabBarViewController.swift */; };
		78B6FCF4F01EC79F86BA55E1 /* ConfirmationViewController.swift in Sources */ = {isa = PBXBuildFile; fileRef = F9540C15A27511CC4BF88D56 /* ConfirmationViewController.swift */; };
		8546AB92592A93B60BFB1274 /* ViewCodeProtocol.swift in Sources */ = {isa = PBXBuildFile; fileRef = 6ACFA3C79DD74A5BA31E060B /* ViewCodeProtocol.swift */; };
		905E6CC2815E04FF94176938 /* ActivityCellView.swift in Sources */ = {isa = PBXBuildFile; fileRef = BC9F6E366A7601002FB9DC68 /* ActivityCellView.swift */; };
		90C3B2330927FF873F089C09 /* String+Extensions.swift in Sources */ = {isa = PBXBuildFile; fileRef = F07498195E801BD1EF0F7819 /* String+Extensions.swift */; };
		912306005FA36F07160D9772 /* ConfirmationView.swift in Sources */ = {isa = PBXBuildFile; fileRef = 644426AB016110766DB58B1F /* ConfirmationView.swift */; };
		919ACC6EC76251AAF13286BB /* UITableViewCell+Extensions.swift in Sources */ = {isa = PBXBuildFile; fileRef = 7F5FA48B4F11051AEB4B44AA /* UITableViewCell+Extensions.swift */; };
		944887F22B41E0235CB69F30 /* ContactListView.swift in Sources */ = {isa = PBXBuildFile; fileRef = 2DF0BD35758D51AF0A3D2C82 /* ContactListView.swift */; };
		95A00ACAC98FBB9C616AEE73 /* HomeModel.swift in Sources */ = {isa = PBXBuildFile; fileRef = A4DECFCAE91F461D2769C1BE /* HomeModel.swift */; };
		96C7B7671D125FC63042BA30 /* FinanceAppTests.swift in Sources */ = {isa = PBXBuildFile; fileRef = EBB881F9A7D7A6DC5AFC61D7 /* FinanceAppTests.swift */; };
		AE479313FFC654EC3F6F7D47 /* ActivityDetailsViewController.swift in Sources */ = {isa = PBXBuildFile; fileRef = DB4E0C668733DA96C91E7BCB /* ActivityDetailsViewController.swift */; };
		AEEF7401EEA393DB1EFA7E4C /* TransfersView.swift in Sources */ = {isa = PBXBuildFile; fileRef = E2E4E3AA065FE05C8AC0B614 /* TransfersView.swift */; };
		B9561BF8038687A06276CF0D /* Assets.xcassets in Resources */ = {isa = PBXBuildFile; fileRef = DBDD4F9A9A9CDB22A655B952 /* Assets.xcassets */; };
		C36AAB6FCB4E4A831C64A062 /* ContactListViewController.swift in Sources */ = {isa = PBXBuildFile; fileRef = EDCF8122A4E60D40C5D68B2E /* ContactListViewController.swift */; };
		E265DA050E4C70738092243B /* AppDelegate.swift in Sources */ = {isa = PBXBuildFile; fileRef = 6A31099C0C61DBA4B67FCDD2 /* AppDelegate.swift */; };
		F9AAD4D3B5BBFC8BDC66C21D /* TabbarController.swift in Sources */ = {isa = PBXBuildFile; fileRef = C053FD7D7C14A15313B01A1A /* TabbarController.swift */; };
/* End PBXBuildFile section */

/* Begin PBXFileReference section */
		00AE0D00E32B733D5FC92B7D /* TransfersViewController.swift */ = {isa = PBXFileReference; lastKnownFileType = sourcecode.swift; path = TransfersViewController.swift; sourceTree = "<group>"; };
		1657A2E7180D0DDBE1FC73AC /* FinanceAppUITestsLaunchTests.swift */ = {isa = PBXFileReference; lastKnownFileType = sourcecode.swift; path = FinanceAppUITestsLaunchTests.swift; sourceTree = "<group>"; };
		1A4CB60BDABFFE94C83AAFCC /* LoadingView.swift */ = {isa = PBXFileReference; lastKnownFileType = sourcecode.swift; path = LoadingView.swift; sourceTree = "<group>"; };
		1D87EBB899BB9667557FC6AB /* Info.plist */ = {isa = PBXFileReference; lastKnownFileType = text.plist; path = Info.plist; sourceTree = "<group>"; };
		233E8A6DA351DEC50193DEA0 /* UserProfileView.swift */ = {isa = PBXFileReference; lastKnownFileType = sourcecode.swift; path = UserProfileView.swift; sourceTree = "<group>"; };
		2C7E7F13F48F62C21B9571AA /* UserProfileViewController.swift */ = {isa = PBXFileReference; lastKnownFileType = sourcecode.swift; path = UserProfileViewController.swift; sourceTree = "<group>"; };
		2DF0BD35758D51AF0A3D2C82 /* ContactListView.swift */ = {isa = PBXFileReference; lastKnownFileType = sourcecode.swift; path = ContactListView.swift; sourceTree = "<group>"; };
		3ECA0DCEAB493A865938BA6D /* TabbarViewController.swift */ = {isa = PBXFileReference; lastKnownFileType = sourcecode.swift; path = TabbarViewController.swift; sourceTree = "<group>"; };
		3EF5038D81E1E53463FF1D9A /* ActivityDetailsView.swift */ = {isa = PBXFileReference; lastKnownFileType = sourcecode.swift; path = ActivityDetailsView.swift; sourceTree = "<group>"; };
		5D5443EB7528ACA9C532745A /* TabBarViewController.swift */ = {isa = PBXFileReference; lastKnownFileType = sourcecode.swift; path = TabBarViewController.swift; sourceTree = "<group>"; };
		5FC4B70C5F2EB55248D85152 /* FinanceAppUITests.swift */ = {isa = PBXFileReference; lastKnownFileType = sourcecode.swift; path = FinanceAppUITests.swift; sourceTree = "<group>"; };
		644426AB016110766DB58B1F /* ConfirmationView.swift */ = {isa = PBXFileReference; lastKnownFileType = sourcecode.swift; path = ConfirmationView.swift; sourceTree = "<group>"; };
		6A31099C0C61DBA4B67FCDD2 /* AppDelegate.swift */ = {isa = PBXFileReference; lastKnownFileType = sourcecode.swift; path = AppDelegate.swift; sourceTree = "<group>"; };
		6ACFA3C79DD74A5BA31E060B /* ViewCodeProtocol.swift */ = {isa = PBXFileReference; lastKnownFileType = sourcecode.swift; path = ViewCodeProtocol.swift; sourceTree = "<group>"; };
		7F5FA48B4F11051AEB4B44AA /* UITableViewCell+Extensions.swift */ = {isa = PBXFileReference; lastKnownFileType = sourcecode.swift; path = "UITableViewCell+Extensions.swift"; sourceTree = "<group>"; };
		82571982912FC9612B0E26C7 /* FinanceService.swift */ = {isa = PBXFileReference; lastKnownFileType = sourcecode.swift; path = FinanceService.swift; sourceTree = "<group>"; };
		86E6801B0F7CAA5E116D28CF /* FinanceApp.app */ = {isa = PBXFileReference; includeInIndex = 0; lastKnownFileType = wrapper.application; path = FinanceApp.app; sourceTree = BUILT_PRODUCTS_DIR; };
		89CB0992C01C5CE47650A931 /* Base */ = {isa = PBXFileReference; lastKnownFileType = file.storyboard; name = Base; path = Base.lproj/LaunchScreen.storyboard; sourceTree = "<group>"; };
		941EC85054564C24E024E1AB /* DebugViewController.swift */ = {isa = PBXFileReference; lastKnownFileType = sourcecode.swift; path = DebugViewController.swift; sourceTree = "<group>"; };
		A3FABC85E2F05603BDFF59AD /* ActivityListView.swift */ = {isa = PBXFileReference; lastKnownFileType = sourcecode.swift; path = ActivityListView.swift; sourceTree = "<group>"; };
		A4DECFCAE91F461D2769C1BE /* HomeModel.swift */ = {isa = PBXFileReference; lastKnownFileType = sourcecode.swift; path = HomeModel.swift; sourceTree = "<group>"; };
		BC9F6E366A7601002FB9DC68 /* ActivityCellView.swift */ = {isa = PBXFileReference; lastKnownFileType = sourcecode.swift; path = ActivityCellView.swift; sourceTree = "<group>"; };
		C053FD7D7C14A15313B01A1A /* TabbarController.swift */ = {isa = PBXFileReference; lastKnownFileType = sourcecode.swift; path = TabbarController.swift; sourceTree = "<group>"; };
		C4E4966B0D6C2A80E27566C6 /* FinanceAppTests.xctest */ = {isa = PBXFileReference; includeInIndex = 0; lastKnownFileType = wrapper.cfbundle; path = FinanceAppTests.xctest; sourceTree = BUILT_PRODUCTS_DIR; };
		C5594E94102EF89B9DF5614B /* HomeView.swift */ = {isa = PBXFileReference; lastKnownFileType = sourcecode.swift; path = HomeView.swift; sourceTree = "<group>"; };
		CCF1E92CFD456C9C322B28F6 /* HomeViewController.swift */ = {isa = PBXFileReference; lastKnownFileType = sourcecode.swift; path = HomeViewController.swift; sourceTree = "<group>"; };
		D95643F60E25D3FE3F72C16D /* FinanceAppUITests.xctest */ = {isa = PBXFileReference; includeInIndex = 0; lastKnownFileType = wrapper.cfbundle; path = FinanceAppUITests.xctest; sourceTree = BUILT_PRODUCTS_DIR; };
		DB4E0C668733DA96C91E7BCB /* ActivityDetailsViewController.swift */ = {isa = PBXFileReference; lastKnownFileType = sourcecode.swift; path = ActivityDetailsViewController.swift; sourceTree = "<group>"; };
		DBDD4F9A9A9CDB22A655B952 /* Assets.xcassets */ = {isa = PBXFileReference; lastKnownFileType = folder.assetcatalog; path = Assets.xcassets; sourceTree = "<group>"; };
		E2D5172EBC2EFF6EFF3AEB5C /* SceneDelegate.swift */ = {isa = PBXFileReference; lastKnownFileType = sourcecode.swift; path = SceneDelegate.swift; sourceTree = "<group>"; };
		E2E4E3AA065FE05C8AC0B614 /* TransfersView.swift */ = {isa = PBXFileReference; lastKnownFileType = sourcecode.swift; path = TransfersView.swift; sourceTree = "<group>"; };
		EBB881F9A7D7A6DC5AFC61D7 /* FinanceAppTests.swift */ = {isa = PBXFileReference; lastKnownFileType = sourcecode.swift; path = FinanceAppTests.swift; sourceTree = "<group>"; };
		EDCF8122A4E60D40C5D68B2E /* ContactListViewController.swift */ = {isa = PBXFileReference; lastKnownFileType = sourcecode.swift; path = ContactListViewController.swift; sourceTree = "<group>"; };
		F07498195E801BD1EF0F7819 /* String+Extensions.swift */ = {isa = PBXFileReference; lastKnownFileType = sourcecode.swift; path = "String+Extensions.swift"; sourceTree = "<group>"; };
		F9540C15A27511CC4BF88D56 /* ConfirmationViewController.swift */ = {isa = PBXFileReference; lastKnownFileType = sourcecode.swift; path = ConfirmationViewController.swift; sourceTree = "<group>"; };
/* End PBXFileReference section */

/* Begin PBXGroup section */
		004C8C378C0631E21B051D30 /* Resources */ = {
			isa = PBXGroup;
			children = (
				DBDD4F9A9A9CDB22A655B952 /* Assets.xcassets */,
				1D87EBB899BB9667557FC6AB /* Info.plist */,
				ACC6C449FED98F7BDE13AB2A /* LaunchScreen.storyboard */,
			);
			path = Resources;
			sourceTree = "<group>";
		};
		0401A87D284287117ED0A27A /* Screens */ = {
			isa = PBXGroup;
			children = (
				1A4CB60BDABFFE94C83AAFCC /* LoadingView.swift */,
				5D5443EB7528ACA9C532745A /* TabBarViewController.swift */,
				1D57338B4CCCC29FE294F601 /* ActivityDetails */,
				4C1983080B2506E2D09B5AA7 /* Confirmation */,
				F5620E583C87BD2EDA5696FD /* ContactList */,
				9CA744A4AF06B164D8C8FAED /* Home */,
				EEF43403831B9BE075F76E4F /* Main */,
				612122E59EDE4889ABA64D5D /* Transfers */,
				489465CE28A259A0EE9CE641 /* UserProfile */,
			);
			path = Screens;
			sourceTree = "<group>";
		};
		1B25B5385CBE0B123871698F /* Service */ = {
			isa = PBXGroup;
			children = (
				82571982912FC9612B0E26C7 /* FinanceService.swift */,
			);
			path = Service;
			sourceTree = "<group>";
		};
		1D57338B4CCCC29FE294F601 /* ActivityDetails */ = {
			isa = PBXGroup;
			children = (
				3EF5038D81E1E53463FF1D9A /* ActivityDetailsView.swift */,
				DB4E0C668733DA96C91E7BCB /* ActivityDetailsViewController.swift */,
			);
			path = ActivityDetails;
			sourceTree = "<group>";
		};
		20EFC57A35EFD56F8950497E /* AppDelegate */ = {
			isa = PBXGroup;
			children = (
				6A31099C0C61DBA4B67FCDD2 /* AppDelegate.swift */,
				E2D5172EBC2EFF6EFF3AEB5C /* SceneDelegate.swift */,
			);
			path = AppDelegate;
			sourceTree = "<group>";
		};
		29F6608C8E7C63005D680666 /* Products */ = {
			isa = PBXGroup;
			children = (
				86E6801B0F7CAA5E116D28CF /* FinanceApp.app */,
				C4E4966B0D6C2A80E27566C6 /* FinanceAppTests.xctest */,
				D95643F60E25D3FE3F72C16D /* FinanceAppUITests.xctest */,
			);
			name = Products;
			sourceTree = "<group>";
		};
		2A27D89A69A6C0FDF161CD69 /* DebugYourViews */ = {
			isa = PBXGroup;
			children = (
				941EC85054564C24E024E1AB /* DebugViewController.swift */,
			);
			path = DebugYourViews;
			sourceTree = "<group>";
		};
		41664911853B1A777938E8B9 = {
			isa = PBXGroup;
			children = (
				8E3815F9C6D9EA0FCAE51155 /* FinanceApp */,
				67E437D62460C7B63BCBBEFE /* FinanceAppTests */,
				DBB3A139039D27C6DCE43680 /* FinanceAppUITests */,
				29F6608C8E7C63005D680666 /* Products */,
			);
			sourceTree = "<group>";
		};
		489465CE28A259A0EE9CE641 /* UserProfile */ = {
			isa = PBXGroup;
			children = (
				233E8A6DA351DEC50193DEA0 /* UserProfileView.swift */,
				2C7E7F13F48F62C21B9571AA /* UserProfileViewController.swift */,
			);
			path = UserProfile;
			sourceTree = "<group>";
		};
		4C1983080B2506E2D09B5AA7 /* Confirmation */ = {
			isa = PBXGroup;
			children = (
				644426AB016110766DB58B1F /* ConfirmationView.swift */,
				F9540C15A27511CC4BF88D56 /* ConfirmationViewController.swift */,
			);
			path = Confirmation;
			sourceTree = "<group>";
		};
		612122E59EDE4889ABA64D5D /* Transfers */ = {
			isa = PBXGroup;
			children = (
				E2E4E3AA065FE05C8AC0B614 /* TransfersView.swift */,
				00AE0D00E32B733D5FC92B7D /* TransfersViewController.swift */,
			);
			path = Transfers;
			sourceTree = "<group>";
		};
		67E437D62460C7B63BCBBEFE /* FinanceAppTests */ = {
			isa = PBXGroup;
			children = (
				EBB881F9A7D7A6DC5AFC61D7 /* FinanceAppTests.swift */,
			);
			path = FinanceAppTests;
			sourceTree = "<group>";
		};
		8E3815F9C6D9EA0FCAE51155 /* FinanceApp */ = {
			isa = PBXGroup;
			children = (
				20EFC57A35EFD56F8950497E /* AppDelegate */,
				2A27D89A69A6C0FDF161CD69 /* DebugYourViews */,
				F1ABF03204464A2A716C68B4 /* Extensions */,
				D6E936597240DAD83BBC95BD /* Models */,
				004C8C378C0631E21B051D30 /* Resources */,
				0401A87D284287117ED0A27A /* Screens */,
				1B25B5385CBE0B123871698F /* Service */,
			);
			path = FinanceApp;
			sourceTree = "<group>";
		};
		9CA744A4AF06B164D8C8FAED /* Home */ = {
			isa = PBXGroup;
			children = (
				BC9F6E366A7601002FB9DC68 /* ActivityCellView.swift */,
				A3FABC85E2F05603BDFF59AD /* ActivityListView.swift */,
				C5594E94102EF89B9DF5614B /* HomeView.swift */,
				CCF1E92CFD456C9C322B28F6 /* HomeViewController.swift */,
			);
			path = Home;
			sourceTree = "<group>";
		};
		D6E936597240DAD83BBC95BD /* Models */ = {
			isa = PBXGroup;
			children = (
				A4DECFCAE91F461D2769C1BE /* HomeModel.swift */,
				6ACFA3C79DD74A5BA31E060B /* ViewCodeProtocol.swift */,
			);
			path = Models;
			sourceTree = "<group>";
		};
		DBB3A139039D27C6DCE43680 /* FinanceAppUITests */ = {
			isa = PBXGroup;
			children = (
				5FC4B70C5F2EB55248D85152 /* FinanceAppUITests.swift */,
				1657A2E7180D0DDBE1FC73AC /* FinanceAppUITestsLaunchTests.swift */,
			);
			path = FinanceAppUITests;
			sourceTree = "<group>";
		};
		EEF43403831B9BE075F76E4F /* Main */ = {
			isa = PBXGroup;
			children = (
				C053FD7D7C14A15313B01A1A /* TabbarController.swift */,
				3ECA0DCEAB493A865938BA6D /* TabbarViewController.swift */,
			);
			path = Main;
			sourceTree = "<group>";
		};
		F1ABF03204464A2A716C68B4 /* Extensions */ = {
			isa = PBXGroup;
			children = (
				F07498195E801BD1EF0F7819 /* String+Extensions.swift */,
				7F5FA48B4F11051AEB4B44AA /* UITableViewCell+Extensions.swift */,
			);
			path = Extensions;
			sourceTree = "<group>";
		};
		F5620E583C87BD2EDA5696FD /* ContactList */ = {
			isa = PBXGroup;
			children = (
				2DF0BD35758D51AF0A3D2C82 /* ContactListView.swift */,
				EDCF8122A4E60D40C5D68B2E /* ContactListViewController.swift */,
			);
			path = ContactList;
			sourceTree = "<group>";
		};
/* End PBXGroup section */

/* Begin PBXNativeTarget section */
		174D99E27687D51F2EDC6181 /* FinanceAppTests */ = {
			isa = PBXNativeTarget;
			buildConfigurationList = 790EE3660AE054DE62EEC8E2 /* Build configuration list for PBXNativeTarget "FinanceAppTests" */;
			buildPhases = (
				68DFE4D057F6FDFD99C0334D /* Sources */,
			);
			buildRules = (
			);
			dependencies = (
			);
			name = FinanceAppTests;
			productName = FinanceAppTests;
			productReference = C4E4966B0D6C2A80E27566C6 /* FinanceAppTests.xctest */;
			productType = "com.apple.product-type.bundle.unit-test";
		};
		2E97F0665DF3855DD2165992 /* FinanceApp */ = {
			isa = PBXNativeTarget;
			buildConfigurationList = 10880C3807283129FCCA0926 /* Build configuration list for PBXNativeTarget "FinanceApp" */;
			buildPhases = (
				E2D36BF245C9A834AB77A440 /* Sources */,
				79C092AECD11CAA880AF32D3 /* Resources */,
			);
			buildRules = (
			);
			dependencies = (
			);
			name = FinanceApp;
			productName = FinanceApp;
			productReference = 86E6801B0F7CAA5E116D28CF /* FinanceApp.app */;
			productType = "com.apple.product-type.application";
		};
		DC9F54A61E9F34EFBF2AF77E /* FinanceAppUITests */ = {
			isa = PBXNativeTarget;
			buildConfigurationList = D79D02C196F584B352AF7230 /* Build configuration list for PBXNativeTarget "FinanceAppUITests" */;
			buildPhases = (
				6FAD3B05CCFD0E1B3A59A172 /* Sources */,
			);
			buildRules = (
			);
			dependencies = (
			);
			name = FinanceAppUITests;
			productName = FinanceAppUITests;
			productReference = D95643F60E25D3FE3F72C16D /* FinanceAppUITests.xctest */;
			productType = "com.apple.product-type.bundle.ui-testing";
		};
/* End PBXNativeTarget section */

/* Begin PBXProject section */
		2AB1CACC86CDDCD4EEDD6F2B /* Project object */ = {
			isa = PBXProject;
			attributes = {
				LastUpgradeCheck = 1200;
				TargetAttributes = {
					DC9F54A61E9F34EFBF2AF77E = {
						TestTargetID = 2E97F0665DF3855DD2165992;
					};
				};
			};
			buildConfigurationList = 3D389913F47E61BD30E75F42 /* Build configuration list for PBXProject "FinanceApp" */;
			compatibilityVersion = "Xcode 11.0";
			developmentRegion = en;
			hasScannedForEncodings = 0;
			knownRegions = (
				Base,
				en,
			);
			mainGroup = 41664911853B1A777938E8B9;
			projectDirPath = "";
			projectRoot = "";
			targets = (
				2E97F0665DF3855DD2165992 /* FinanceApp */,
				174D99E27687D51F2EDC6181 /* FinanceAppTests */,
				DC9F54A61E9F34EFBF2AF77E /* FinanceAppUITests */,
			);
		};
/* End PBXProject section */

/* Begin PBXResourcesBuildPhase section */
		79C092AECD11CAA880AF32D3 /* Resources */ = {
			isa = PBXResourcesBuildPhase;
			buildActionMask = 2147483647;
			files = (
				B9561BF8038687A06276CF0D /* Assets.xcassets in Resources */,
				6C2F4532CB98CC3EF10928AA /* LaunchScreen.storyboard in Resources */,
			);
			runOnlyForDeploymentPostprocessing = 0;
		};
/* End PBXResourcesBuildPhase section */

/* Begin PBXSourcesBuildPhase section */
		68DFE4D057F6FDFD99C0334D /* Sources */ = {
			isa = PBXSourcesBuildPhase;
			buildActionMask = 2147483647;
			files = (
				96C7B7671D125FC63042BA30 /* FinanceAppTests.swift in Sources */,
			);
			runOnlyForDeploymentPostprocessing = 0;
		};
		6FAD3B05CCFD0E1B3A59A172 /* Sources */ = {
			isa = PBXSourcesBuildPhase;
			buildActionMask = 2147483647;
			files = (
				3691176D19BA1487AEF2BC95 /* FinanceAppUITests.swift in Sources */,
				0D4557D3B172F29DF47D9C89 /* FinanceAppUITestsLaunchTests.swift in Sources */,
			);
			runOnlyForDeploymentPostprocessing = 0;
		};
		E2D36BF245C9A834AB77A440 /* Sources */ = {
			isa = PBXSourcesBuildPhase;
			buildActionMask = 2147483647;
			files = (
				905E6CC2815E04FF94176938 /* ActivityCellView.swift in Sources */,
				7467F92DB30FD18B4C6E43CF /* ActivityDetailsView.swift in Sources */,
				AE479313FFC654EC3F6F7D47 /* ActivityDetailsViewController.swift in Sources */,
				2143EEBFEAB1A101B97BD0B0 /* ActivityListView.swift in Sources */,
				E265DA050E4C70738092243B /* AppDelegate.swift in Sources */,
				912306005FA36F07160D9772 /* ConfirmationView.swift in Sources */,
				78B6FCF4F01EC79F86BA55E1 /* ConfirmationViewController.swift in Sources */,
				944887F22B41E0235CB69F30 /* ContactListView.swift in Sources */,
				C36AAB6FCB4E4A831C64A062 /* ContactListViewController.swift in Sources */,
				5775727B84EA7115338C59D4 /* DebugViewController.swift in Sources */,
				1DC02519DD35735C3896FC18 /* FinanceService.swift in Sources */,
				95A00ACAC98FBB9C616AEE73 /* HomeModel.swift in Sources */,
				27AD6DE236FD0E19B82D9F54 /* HomeView.swift in Sources */,
				3A5CA9551DB1EED38B2924FB /* HomeViewController.swift in Sources */,
				6B042688C3DE98295B8CB159 /* LoadingView.swift in Sources */,
				54F39EC1C1E0CB1FD8C24C65 /* SceneDelegate.swift in Sources */,
				90C3B2330927FF873F089C09 /* String+Extensions.swift in Sources */,
				7489D7C8B7952EDF6F2C0E27 /* TabBarViewController.swift in Sources */,
				F9AAD4D3B5BBFC8BDC66C21D /* TabbarController.swift in Sources */,
				5EBB9703B365B7AFFA65862F /* TabbarViewController.swift in Sources */,
				AEEF7401EEA393DB1EFA7E4C /* TransfersView.swift in Sources */,
				0CDD3BDFF0A732D15AFDF32B /* TransfersViewController.swift in Sources */,
				919ACC6EC76251AAF13286BB /* UITableViewCell+Extensions.swift in Sources */,
				0304668B942C04E502AB4D44 /* UserProfileView.swift in Sources */,
				1565385F9510E003E3C5374E /* UserProfileViewController.swift in Sources */,
				8546AB92592A93B60BFB1274 /* ViewCodeProtocol.swift in Sources */,
			);
			runOnlyForDeploymentPostprocessing = 0;
		};
/* End PBXSourcesBuildPhase section */

/* Begin PBXVariantGroup section */
		ACC6C449FED98F7BDE13AB2A /* LaunchScreen.storyboard */ = {
			isa = PBXVariantGroup;
			children = (
				89CB0992C01C5CE47650A931 /* Base */,
			);
			name = LaunchScreen.storyboard;
			sourceTree = "<group>";
		};
/* End PBXVariantGroup section */

/* Begin XCBuildConfiguration section */
		29CD84FC440408C334262976 /* Debug */ = {
			isa = XCBuildConfiguration;
			buildSettings = {
				BUNDLE_LOADER = "$(TEST_HOST)";
				INFOPLIST_FILE = FinanceAppTests/Info.plist;
				LD_RUNPATH_SEARCH_PATHS = (
					"$(inherited)",
					"@executable_path/Frameworks",
					"@loader_path/Frameworks",
				);
				PRODUCT_BUNDLE_IDENTIFIER = com.devpass.FinanceAppTests;
				SDKROOT = iphoneos;
				TARGETED_DEVICE_FAMILY = "1,2";
				TEST_HOST = "$(BUILT_PRODUCTS_DIR)/FinanceApp.app/FinanceApp";
			};
			name = Debug;
		};
		343F15AA0229DDE8851DE156 /* Debug */ = {
			isa = XCBuildConfiguration;
			buildSettings = {
				ALWAYS_EMBED_SWIFT_STANDARD_LIBRARIES = YES;
				ALWAYS_SEARCH_USER_PATHS = NO;
				ARCHS = "$(ARCHS_STANDARD)";
				CLANG_ANALYZER_NONNULL = YES;
				CLANG_ANALYZER_NUMBER_OBJECT_CONVERSION = YES_AGGRESSIVE;
				CLANG_CXX_LANGUAGE_STANDARD = "gnu++14";
				CLANG_CXX_LIBRARY = "libc++";
				CLANG_ENABLE_MODULES = YES;
				CLANG_ENABLE_OBJC_ARC = YES;
				CLANG_ENABLE_OBJC_WEAK = YES;
				CLANG_WARN_BLOCK_CAPTURE_AUTORELEASING = YES;
				CLANG_WARN_BOOL_CONVERSION = YES;
				CLANG_WARN_COMMA = YES;
				CLANG_WARN_CONSTANT_CONVERSION = YES;
				CLANG_WARN_DEPRECATED_OBJC_IMPLEMENTATIONS = YES;
				CLANG_WARN_DIRECT_OBJC_ISA_USAGE = YES_ERROR;
				CLANG_WARN_DOCUMENTATION_COMMENTS = YES;
				CLANG_WARN_EMPTY_BODY = YES;
				CLANG_WARN_ENUM_CONVERSION = YES;
				CLANG_WARN_INFINITE_RECURSION = YES;
				CLANG_WARN_INT_CONVERSION = YES;
				CLANG_WARN_NON_LITERAL_NULL_CONVERSION = YES;
				CLANG_WARN_OBJC_IMPLICIT_RETAIN_SELF = YES;
				CLANG_WARN_OBJC_LITERAL_CONVERSION = YES;
				CLANG_WARN_OBJC_ROOT_CLASS = YES_ERROR;
				CLANG_WARN_QUOTED_INCLUDE_IN_FRAMEWORK_HEADER = YES;
				CLANG_WARN_RANGE_LOOP_ANALYSIS = YES;
				CLANG_WARN_STRICT_PROTOTYPES = YES;
				CLANG_WARN_SUSPICIOUS_MOVE = YES;
				CLANG_WARN_UNGUARDED_AVAILABILITY = YES_AGGRESSIVE;
				CLANG_WARN_UNREACHABLE_CODE = YES;
				CLANG_WARN__DUPLICATE_METHOD_MATCH = YES;
				CODE_SIGN_IDENTITY = "iPhone Developer";
				COPY_PHASE_STRIP = NO;
				DEBUG_INFORMATION_FORMAT = dwarf;
				ENABLE_STRICT_OBJC_MSGSEND = YES;
				ENABLE_TESTABILITY = YES;
				GCC_C_LANGUAGE_STANDARD = gnu11;
				GCC_DYNAMIC_NO_PIC = NO;
				GCC_NO_COMMON_BLOCKS = YES;
				GCC_OPTIMIZATION_LEVEL = 0;
				GCC_PREPROCESSOR_DEFINITIONS = (
					"$(inherited)",
					"DEBUG=1",
				);
				GCC_WARN_64_TO_32_BIT_CONVERSION = YES;
				GCC_WARN_ABOUT_RETURN_TYPE = YES_ERROR;
				GCC_WARN_UNDECLARED_SELECTOR = YES;
				GCC_WARN_UNINITIALIZED_AUTOS = YES_AGGRESSIVE;
				GCC_WARN_UNUSED_FUNCTION = YES;
				GCC_WARN_UNUSED_VARIABLE = YES;
				IPHONEOS_DEPLOYMENT_TARGET = 13.3;
				MARKETING_VERSION = 1.0.0;
				MTL_ENABLE_DEBUG_INFO = INCLUDE_SOURCE;
				MTL_FAST_MATH = YES;
				ONLY_ACTIVE_ARCH = YES;
				PRODUCT_NAME = "$(TARGET_NAME)";
				SDKROOT = iphoneos;
				SWIFT_ACTIVE_COMPILATION_CONDITIONS = DEBUG;
				SWIFT_OPTIMIZATION_LEVEL = "-Onone";
				SWIFT_VERSION = 5.4;
				VERSIONING_SYSTEM = "apple-generic";
			};
			name = Debug;
		};
		640D4A1E8DD181082E61A4F2 /* Debug */ = {
			isa = XCBuildConfiguration;
			buildSettings = {
				ASSETCATALOG_COMPILER_APPICON_NAME = AppIcon;
				CODE_SIGN_IDENTITY = "iPhone Developer";
				INFOPLIST_FILE = FinanceApp/Resources/Info.plist;
				LD_RUNPATH_SEARCH_PATHS = (
					"$(inherited)",
					"@executable_path/Frameworks",
				);
				ONLY_ACTIVE_ARCH = NO;
				PRODUCT_BUNDLE_IDENTIFIER = com.devpass.FinanceApp;
				SDKROOT = iphoneos;
				TARGETED_DEVICE_FAMILY = "1,2";
			};
			name = Debug;
		};
		6F814397452B25B3C7842525 /* Release */ = {
			isa = XCBuildConfiguration;
			buildSettings = {
				ASSETCATALOG_COMPILER_APPICON_NAME = AppIcon;
				CODE_SIGN_IDENTITY = "iPhone Developer";
				INFOPLIST_FILE = FinanceApp/Resources/Info.plist;
				LD_RUNPATH_SEARCH_PATHS = (
					"$(inherited)",
					"@executable_path/Frameworks",
				);
				PRODUCT_BUNDLE_IDENTIFIER = com.devpass.FinanceApp;
				SDKROOT = iphoneos;
				TARGETED_DEVICE_FAMILY = "1,2";
			};
			name = Release;
		};
		C0C08D7265B8840C9CE4649E /* Release */ = {
			isa = XCBuildConfiguration;
			buildSettings = {
				BUNDLE_LOADER = "$(TEST_HOST)";
				INFOPLIST_FILE = FinanceAppUITests/Info.plist;
				LD_RUNPATH_SEARCH_PATHS = (
					"$(inherited)",
					"@executable_path/Frameworks",
					"@loader_path/Frameworks",
				);
				PRODUCT_BUNDLE_IDENTIFIER = com.devpass.FinanceAppUITests;
				SDKROOT = iphoneos;
				TARGETED_DEVICE_FAMILY = "1,2";
				TEST_TARGET_NAME = FinanceApp;
			};
			name = Release;
		};
		C79AA9F410A9CDFBBD6D509A /* Release */ = {
			isa = XCBuildConfiguration;
			buildSettings = {
				BUNDLE_LOADER = "$(TEST_HOST)";
				INFOPLIST_FILE = FinanceAppTests/Info.plist;
				LD_RUNPATH_SEARCH_PATHS = (
					"$(inherited)",
					"@executable_path/Frameworks",
					"@loader_path/Frameworks",
				);
				PRODUCT_BUNDLE_IDENTIFIER = com.devpass.FinanceAppTests;
				SDKROOT = iphoneos;
				TARGETED_DEVICE_FAMILY = "1,2";
				TEST_HOST = "$(BUILT_PRODUCTS_DIR)/FinanceApp.app/FinanceApp";
			};
			name = Release;
		};
		DEFAC43BABCBD9A94D5A6762 /* Debug */ = {
			isa = XCBuildConfiguration;
			buildSettings = {
				BUNDLE_LOADER = "$(TEST_HOST)";
				INFOPLIST_FILE = FinanceAppUITests/Info.plist;
				LD_RUNPATH_SEARCH_PATHS = (
					"$(inherited)",
					"@executable_path/Frameworks",
					"@loader_path/Frameworks",
				);
				PRODUCT_BUNDLE_IDENTIFIER = com.devpass.FinanceAppUITests;
				SDKROOT = iphoneos;
				TARGETED_DEVICE_FAMILY = "1,2";
				TEST_TARGET_NAME = FinanceApp;
			};
			name = Debug;
		};
		FF59084E303E30C70D9CB53F /* Release */ = {
			isa = XCBuildConfiguration;
			buildSettings = {
				ALWAYS_EMBED_SWIFT_STANDARD_LIBRARIES = YES;
				ALWAYS_SEARCH_USER_PATHS = NO;
				ARCHS = "$(ARCHS_STANDARD)";
				CLANG_ANALYZER_NONNULL = YES;
				CLANG_ANALYZER_NUMBER_OBJECT_CONVERSION = YES_AGGRESSIVE;
				CLANG_CXX_LANGUAGE_STANDARD = "gnu++14";
				CLANG_CXX_LIBRARY = "libc++";
				CLANG_ENABLE_MODULES = YES;
				CLANG_ENABLE_OBJC_ARC = YES;
				CLANG_ENABLE_OBJC_WEAK = YES;
				CLANG_WARN_BLOCK_CAPTURE_AUTORELEASING = YES;
				CLANG_WARN_BOOL_CONVERSION = YES;
				CLANG_WARN_COMMA = YES;
				CLANG_WARN_CONSTANT_CONVERSION = YES;
				CLANG_WARN_DEPRECATED_OBJC_IMPLEMENTATIONS = YES;
				CLANG_WARN_DIRECT_OBJC_ISA_USAGE = YES_ERROR;
				CLANG_WARN_DOCUMENTATION_COMMENTS = YES;
				CLANG_WARN_EMPTY_BODY = YES;
				CLANG_WARN_ENUM_CONVERSION = YES;
				CLANG_WARN_INFINITE_RECURSION = YES;
				CLANG_WARN_INT_CONVERSION = YES;
				CLANG_WARN_NON_LITERAL_NULL_CONVERSION = YES;
				CLANG_WARN_OBJC_IMPLICIT_RETAIN_SELF = YES;
				CLANG_WARN_OBJC_LITERAL_CONVERSION = YES;
				CLANG_WARN_OBJC_ROOT_CLASS = YES_ERROR;
				CLANG_WARN_QUOTED_INCLUDE_IN_FRAMEWORK_HEADER = YES;
				CLANG_WARN_RANGE_LOOP_ANALYSIS = YES;
				CLANG_WARN_STRICT_PROTOTYPES = YES;
				CLANG_WARN_SUSPICIOUS_MOVE = YES;
				CLANG_WARN_UNGUARDED_AVAILABILITY = YES_AGGRESSIVE;
				CLANG_WARN_UNREACHABLE_CODE = YES;
				CLANG_WARN__DUPLICATE_METHOD_MATCH = YES;
				CODE_SIGN_IDENTITY = "iPhone Developer";
				COPY_PHASE_STRIP = NO;
				DEBUG_INFORMATION_FORMAT = "dwarf-with-dsym";
				ENABLE_NS_ASSERTIONS = NO;
				ENABLE_STRICT_OBJC_MSGSEND = YES;
				GCC_C_LANGUAGE_STANDARD = gnu11;
				GCC_NO_COMMON_BLOCKS = YES;
				GCC_WARN_64_TO_32_BIT_CONVERSION = YES;
				GCC_WARN_ABOUT_RETURN_TYPE = YES_ERROR;
				GCC_WARN_UNDECLARED_SELECTOR = YES;
				GCC_WARN_UNINITIALIZED_AUTOS = YES_AGGRESSIVE;
				GCC_WARN_UNUSED_FUNCTION = YES;
				GCC_WARN_UNUSED_VARIABLE = YES;
				IPHONEOS_DEPLOYMENT_TARGET = 13.3;
				MARKETING_VERSION = 1.0.0;
				MTL_ENABLE_DEBUG_INFO = NO;
				MTL_FAST_MATH = YES;
				PRODUCT_NAME = "$(TARGET_NAME)";
				SDKROOT = iphoneos;
				SWIFT_COMPILATION_MODE = wholemodule;
				SWIFT_OPTIMIZATION_LEVEL = "-O";
				SWIFT_VERSION = 5.4;
				VERSIONING_SYSTEM = "apple-generic";
			};
			name = Release;
		};
/* End XCBuildConfiguration section */

/* Begin XCConfigurationList section */
		10880C3807283129FCCA0926 /* Build configuration list for PBXNativeTarget "FinanceApp" */ = {
			isa = XCConfigurationList;
			buildConfigurations = (
				640D4A1E8DD181082E61A4F2 /* Debug */,
				6F814397452B25B3C7842525 /* Release */,
			);
			defaultConfigurationIsVisible = 0;
			defaultConfigurationName = Debug;
		};
		3D389913F47E61BD30E75F42 /* Build configuration list for PBXProject "FinanceApp" */ = {
			isa = XCConfigurationList;
			buildConfigurations = (
				343F15AA0229DDE8851DE156 /* Debug */,
				FF59084E303E30C70D9CB53F /* Release */,
			);
			defaultConfigurationIsVisible = 0;
			defaultConfigurationName = Debug;
		};
		790EE3660AE054DE62EEC8E2 /* Build configuration list for PBXNativeTarget "FinanceAppTests" */ = {
			isa = XCConfigurationList;
			buildConfigurations = (
				29CD84FC440408C334262976 /* Debug */,
				C79AA9F410A9CDFBBD6D509A /* Release */,
			);
			defaultConfigurationIsVisible = 0;
			defaultConfigurationName = Debug;
		};
		D79D02C196F584B352AF7230 /* Build configuration list for PBXNativeTarget "FinanceAppUITests" */ = {
			isa = XCConfigurationList;
			buildConfigurations = (
				DEFAC43BABCBD9A94D5A6762 /* Debug */,
				C0C08D7265B8840C9CE4649E /* Release */,
			);
			defaultConfigurationIsVisible = 0;
			defaultConfigurationName = Debug;
		};
/* End XCConfigurationList section */
	};
	rootObject = 2AB1CACC86CDDCD4EEDD6F2B /* Project object */;
}
