// !$*UTF8*$!
{
	archiveVersion = 1;
	classes = {
	};
	objectVersion = 55;
	objects = {

/* Begin PBXBuildFile section */
		51CEDF4C27F5246C00FF8118 /* ContactListModel.swift in Sources */ = {isa = PBXBuildFile; fileRef = 51CEDF1C27F5246A00FF8118 /* ContactListModel.swift */; };
		51CEDF4D27F5246C00FF8118 /* ActivityDetailsModel.swift in Sources */ = {isa = PBXBuildFile; fileRef = 51CEDF1D27F5246A00FF8118 /* ActivityDetailsModel.swift */; };
		51CEDF4E27F5246C00FF8118 /* TransferResult.swift in Sources */ = {isa = PBXBuildFile; fileRef = 51CEDF1E27F5246A00FF8118 /* TransferResult.swift */; };
		51CEDF4F27F5246C00FF8118 /* HomeModel.swift in Sources */ = {isa = PBXBuildFile; fileRef = 51CEDF1F27F5246A00FF8118 /* HomeModel.swift */; };
		51CEDF5027F5246C00FF8118 /* ActivityDetailsView.swift in Sources */ = {isa = PBXBuildFile; fileRef = 51CEDF2227F5246A00FF8118 /* ActivityDetailsView.swift */; };
		51CEDF5127F5246C00FF8118 /* ActivityDetailsViewController.swift in Sources */ = {isa = PBXBuildFile; fileRef = 51CEDF2327F5246A00FF8118 /* ActivityDetailsViewController.swift */; };
		51CEDF5227F5246C00FF8118 /* HomeView.swift in Sources */ = {isa = PBXBuildFile; fileRef = 51CEDF2527F5246A00FF8118 /* HomeView.swift */; };
		51CEDF5327F5246C00FF8118 /* HomeViewController.swift in Sources */ = {isa = PBXBuildFile; fileRef = 51CEDF2627F5246A00FF8118 /* HomeViewController.swift */; };
		51CEDF5427F5246C00FF8118 /* TransfersViewController.swift in Sources */ = {isa = PBXBuildFile; fileRef = 51CEDF2827F5246A00FF8118 /* TransfersViewController.swift */; };
		51CEDF5527F5246C00FF8118 /* TransfersView.swift in Sources */ = {isa = PBXBuildFile; fileRef = 51CEDF2927F5246A00FF8118 /* TransfersView.swift */; };
		51CEDF5627F5246C00FF8118 /* ConfirmationViewController.swift in Sources */ = {isa = PBXBuildFile; fileRef = 51CEDF2B27F5246A00FF8118 /* ConfirmationViewController.swift */; };
		51CEDF5727F5246C00FF8118 /* ConfirmationView.swift in Sources */ = {isa = PBXBuildFile; fileRef = 51CEDF2C27F5246A00FF8118 /* ConfirmationView.swift */; };
		51CEDF5827F5246C00FF8118 /* ContactService.swift in Sources */ = {isa = PBXBuildFile; fileRef = 51CEDF2E27F5246A00FF8118 /* ContactService.swift */; };
		51CEDF5927F5246C00FF8118 /* ContactCellView.swift in Sources */ = {isa = PBXBuildFile; fileRef = 51CEDF2F27F5246A00FF8118 /* ContactCellView.swift */; };
		51CEDF5A27F5246C00FF8118 /* ContactListView.swift in Sources */ = {isa = PBXBuildFile; fileRef = 51CEDF3027F5246A00FF8118 /* ContactListView.swift */; };
		51CEDF5B27F5246C00FF8118 /* ContactListViewController.swift in Sources */ = {isa = PBXBuildFile; fileRef = 51CEDF3127F5246A00FF8118 /* ContactListViewController.swift */; };
		51CEDF5C27F5246C00FF8118 /* ContactListFactory.swift in Sources */ = {isa = PBXBuildFile; fileRef = 51CEDF3227F5246A00FF8118 /* ContactListFactory.swift */; };
		51CEDF5D27F5246C00FF8118 /* TabBarViewController.swift in Sources */ = {isa = PBXBuildFile; fileRef = 51CEDF3427F5246A00FF8118 /* TabBarViewController.swift */; };
		51CEDF5E27F5246C00FF8118 /* LoadingView.swift in Sources */ = {isa = PBXBuildFile; fileRef = 51CEDF3527F5246A00FF8118 /* LoadingView.swift */; };
		51CEDF5F27F5246C00FF8118 /* SampleView.swift in Sources */ = {isa = PBXBuildFile; fileRef = 51CEDF3627F5246A00FF8118 /* SampleView.swift */; };
		51CEDF6027F5246C00FF8118 /* UserProfileViewController.swift in Sources */ = {isa = PBXBuildFile; fileRef = 51CEDF3827F5246A00FF8118 /* UserProfileViewController.swift */; };
		51CEDF6127F5246C00FF8118 /* UserProfileView.swift in Sources */ = {isa = PBXBuildFile; fileRef = 51CEDF3927F5246A00FF8118 /* UserProfileView.swift */; };
		51CEDF6227F5246C00FF8118 /* String+Extensions.swift in Sources */ = {isa = PBXBuildFile; fileRef = 51CEDF3B27F5246A00FF8118 /* String+Extensions.swift */; };
		51CEDF6327F5246C00FF8118 /* ViewConfiguration.swift in Sources */ = {isa = PBXBuildFile; fileRef = 51CEDF3C27F5246A00FF8118 /* ViewConfiguration.swift */; };
		51CEDF6427F5246C00FF8118 /* UITableViewCell+Extensions.swift in Sources */ = {isa = PBXBuildFile; fileRef = 51CEDF3D27F5246A00FF8118 /* UITableViewCell+Extensions.swift */; };
		51CEDF6527F5246C00FF8118 /* AppDelegate.swift in Sources */ = {isa = PBXBuildFile; fileRef = 51CEDF3F27F5246B00FF8118 /* AppDelegate.swift */; };
		51CEDF6627F5246C00FF8118 /* SceneDelegate.swift in Sources */ = {isa = PBXBuildFile; fileRef = 51CEDF4027F5246B00FF8118 /* SceneDelegate.swift */; };
		51CEDF6727F5246C00FF8118 /* DebugViewController.swift in Sources */ = {isa = PBXBuildFile; fileRef = 51CEDF4227F5246B00FF8118 /* DebugViewController.swift */; };
		51CEDF6827F5246C00FF8118 /* FinanceService.swift in Sources */ = {isa = PBXBuildFile; fileRef = 51CEDF4427F5246B00FF8118 /* FinanceService.swift */; };
		51CEDF6927F5246C00FF8118 /* Assets.xcassets in Resources */ = {isa = PBXBuildFile; fileRef = 51CEDF4627F5246B00FF8118 /* Assets.xcassets */; };
		51CEDF6A27F5246C00FF8118 /* LaunchScreen.storyboard in Resources */ = {isa = PBXBuildFile; fileRef = 51CEDF4727F5246B00FF8118 /* LaunchScreen.storyboard */; };
		51CEDF6B27F5246C00FF8118 /* Info.plist in Resources */ = {isa = PBXBuildFile; fileRef = 51CEDF4927F5246B00FF8118 /* Info.plist */; };
		51CEDF6C27F5246C00FF8118 /* Network.swift in Sources */ = {isa = PBXBuildFile; fileRef = 51CEDF4B27F5246C00FF8118 /* Network.swift */; };
		51CEDF7127F5248100FF8118 /* ContactListSpy.swift in Sources */ = {isa = PBXBuildFile; fileRef = 51CEDF6E27F5248100FF8118 /* ContactListSpy.swift */; };
		51CEDF7227F5248100FF8118 /* ContactListTests.swift in Sources */ = {isa = PBXBuildFile; fileRef = 51CEDF6F27F5248100FF8118 /* ContactListTests.swift */; };
		51CEDF7327F5248100FF8118 /* ContactServiceStub.swift in Sources */ = {isa = PBXBuildFile; fileRef = 51CEDF7027F5248100FF8118 /* ContactServiceStub.swift */; };
		98584A84277E32C60028DBEA /* FinanceAppTests.swift in Sources */ = {isa = PBXBuildFile; fileRef = 98584A83277E32C60028DBEA /* FinanceAppTests.swift */; };
		98584A8E277E32C60028DBEA /* FinanceAppUITests.swift in Sources */ = {isa = PBXBuildFile; fileRef = 98584A8D277E32C60028DBEA /* FinanceAppUITests.swift */; };
		98584A90277E32C60028DBEA /* FinanceAppUITestsLaunchTests.swift in Sources */ = {isa = PBXBuildFile; fileRef = 98584A8F277E32C60028DBEA /* FinanceAppUITestsLaunchTests.swift */; };
/* End PBXBuildFile section */

/* Begin PBXContainerItemProxy section */
		98584A80277E32C60028DBEA /* PBXContainerItemProxy */ = {
			isa = PBXContainerItemProxy;
			containerPortal = 98584A61277E32C30028DBEA /* Project object */;
			proxyType = 1;
			remoteGlobalIDString = 98584A68277E32C30028DBEA;
			remoteInfo = FinanceApp;
		};
		98584A8A277E32C60028DBEA /* PBXContainerItemProxy */ = {
			isa = PBXContainerItemProxy;
			containerPortal = 98584A61277E32C30028DBEA /* Project object */;
			proxyType = 1;
			remoteGlobalIDString = 98584A68277E32C30028DBEA;
			remoteInfo = FinanceApp;
		};
/* End PBXContainerItemProxy section */

/* Begin PBXFileReference section */
		51CEDF1C27F5246A00FF8118 /* ContactListModel.swift */ = {isa = PBXFileReference; fileEncoding = 4; lastKnownFileType = sourcecode.swift; path = ContactListModel.swift; sourceTree = "<group>"; };
		51CEDF1D27F5246A00FF8118 /* ActivityDetailsModel.swift */ = {isa = PBXFileReference; fileEncoding = 4; lastKnownFileType = sourcecode.swift; path = ActivityDetailsModel.swift; sourceTree = "<group>"; };
		51CEDF1E27F5246A00FF8118 /* TransferResult.swift */ = {isa = PBXFileReference; fileEncoding = 4; lastKnownFileType = sourcecode.swift; path = TransferResult.swift; sourceTree = "<group>"; };
		51CEDF1F27F5246A00FF8118 /* HomeModel.swift */ = {isa = PBXFileReference; fileEncoding = 4; lastKnownFileType = sourcecode.swift; path = HomeModel.swift; sourceTree = "<group>"; };
		51CEDF2227F5246A00FF8118 /* ActivityDetailsView.swift */ = {isa = PBXFileReference; fileEncoding = 4; lastKnownFileType = sourcecode.swift; path = ActivityDetailsView.swift; sourceTree = "<group>"; };
		51CEDF2327F5246A00FF8118 /* ActivityDetailsViewController.swift */ = {isa = PBXFileReference; fileEncoding = 4; lastKnownFileType = sourcecode.swift; path = ActivityDetailsViewController.swift; sourceTree = "<group>"; };
		51CEDF2527F5246A00FF8118 /* HomeView.swift */ = {isa = PBXFileReference; fileEncoding = 4; lastKnownFileType = sourcecode.swift; path = HomeView.swift; sourceTree = "<group>"; };
		51CEDF2627F5246A00FF8118 /* HomeViewController.swift */ = {isa = PBXFileReference; fileEncoding = 4; lastKnownFileType = sourcecode.swift; path = HomeViewController.swift; sourceTree = "<group>"; };
		51CEDF2827F5246A00FF8118 /* TransfersViewController.swift */ = {isa = PBXFileReference; fileEncoding = 4; lastKnownFileType = sourcecode.swift; path = TransfersViewController.swift; sourceTree = "<group>"; };
		51CEDF2927F5246A00FF8118 /* TransfersView.swift */ = {isa = PBXFileReference; fileEncoding = 4; lastKnownFileType = sourcecode.swift; path = TransfersView.swift; sourceTree = "<group>"; };
		51CEDF2B27F5246A00FF8118 /* ConfirmationViewController.swift */ = {isa = PBXFileReference; fileEncoding = 4; lastKnownFileType = sourcecode.swift; path = ConfirmationViewController.swift; sourceTree = "<group>"; };
		51CEDF2C27F5246A00FF8118 /* ConfirmationView.swift */ = {isa = PBXFileReference; fileEncoding = 4; lastKnownFileType = sourcecode.swift; path = ConfirmationView.swift; sourceTree = "<group>"; };
		51CEDF2E27F5246A00FF8118 /* ContactService.swift */ = {isa = PBXFileReference; fileEncoding = 4; lastKnownFileType = sourcecode.swift; path = ContactService.swift; sourceTree = "<group>"; };
		51CEDF2F27F5246A00FF8118 /* ContactCellView.swift */ = {isa = PBXFileReference; fileEncoding = 4; lastKnownFileType = sourcecode.swift; path = ContactCellView.swift; sourceTree = "<group>"; };
		51CEDF3027F5246A00FF8118 /* ContactListView.swift */ = {isa = PBXFileReference; fileEncoding = 4; lastKnownFileType = sourcecode.swift; path = ContactListView.swift; sourceTree = "<group>"; };
		51CEDF3127F5246A00FF8118 /* ContactListViewController.swift */ = {isa = PBXFileReference; fileEncoding = 4; lastKnownFileType = sourcecode.swift; path = ContactListViewController.swift; sourceTree = "<group>"; };
		51CEDF3227F5246A00FF8118 /* ContactListFactory.swift */ = {isa = PBXFileReference; fileEncoding = 4; lastKnownFileType = sourcecode.swift; path = ContactListFactory.swift; sourceTree = "<group>"; };
		51CEDF3427F5246A00FF8118 /* TabBarViewController.swift */ = {isa = PBXFileReference; fileEncoding = 4; lastKnownFileType = sourcecode.swift; path = TabBarViewController.swift; sourceTree = "<group>"; };
		51CEDF3527F5246A00FF8118 /* LoadingView.swift */ = {isa = PBXFileReference; fileEncoding = 4; lastKnownFileType = sourcecode.swift; path = LoadingView.swift; sourceTree = "<group>"; };
		51CEDF3627F5246A00FF8118 /* SampleView.swift */ = {isa = PBXFileReference; fileEncoding = 4; lastKnownFileType = sourcecode.swift; path = SampleView.swift; sourceTree = "<group>"; };
		51CEDF3827F5246A00FF8118 /* UserProfileViewController.swift */ = {isa = PBXFileReference; fileEncoding = 4; lastKnownFileType = sourcecode.swift; path = UserProfileViewController.swift; sourceTree = "<group>"; };
		51CEDF3927F5246A00FF8118 /* UserProfileView.swift */ = {isa = PBXFileReference; fileEncoding = 4; lastKnownFileType = sourcecode.swift; path = UserProfileView.swift; sourceTree = "<group>"; };
		51CEDF3B27F5246A00FF8118 /* String+Extensions.swift */ = {isa = PBXFileReference; fileEncoding = 4; lastKnownFileType = sourcecode.swift; path = "String+Extensions.swift"; sourceTree = "<group>"; };
		51CEDF3C27F5246A00FF8118 /* ViewConfiguration.swift */ = {isa = PBXFileReference; fileEncoding = 4; lastKnownFileType = sourcecode.swift; path = ViewConfiguration.swift; sourceTree = "<group>"; };
		51CEDF3D27F5246A00FF8118 /* UITableViewCell+Extensions.swift */ = {isa = PBXFileReference; fileEncoding = 4; lastKnownFileType = sourcecode.swift; path = "UITableViewCell+Extensions.swift"; sourceTree = "<group>"; };
		51CEDF3F27F5246B00FF8118 /* AppDelegate.swift */ = {isa = PBXFileReference; fileEncoding = 4; lastKnownFileType = sourcecode.swift; path = AppDelegate.swift; sourceTree = "<group>"; };
		51CEDF4027F5246B00FF8118 /* SceneDelegate.swift */ = {isa = PBXFileReference; fileEncoding = 4; lastKnownFileType = sourcecode.swift; path = SceneDelegate.swift; sourceTree = "<group>"; };
		51CEDF4227F5246B00FF8118 /* DebugViewController.swift */ = {isa = PBXFileReference; fileEncoding = 4; lastKnownFileType = sourcecode.swift; path = DebugViewController.swift; sourceTree = "<group>"; };
		51CEDF4427F5246B00FF8118 /* FinanceService.swift */ = {isa = PBXFileReference; fileEncoding = 4; lastKnownFileType = sourcecode.swift; path = FinanceService.swift; sourceTree = "<group>"; };
		51CEDF4627F5246B00FF8118 /* Assets.xcassets */ = {isa = PBXFileReference; lastKnownFileType = folder.assetcatalog; path = Assets.xcassets; sourceTree = "<group>"; };
		51CEDF4827F5246B00FF8118 /* Base */ = {isa = PBXFileReference; lastKnownFileType = file.storyboard; name = Base; path = Base.lproj/LaunchScreen.storyboard; sourceTree = "<group>"; };
		51CEDF4927F5246B00FF8118 /* Info.plist */ = {isa = PBXFileReference; fileEncoding = 4; lastKnownFileType = text.plist.xml; path = Info.plist; sourceTree = "<group>"; };
		51CEDF4B27F5246C00FF8118 /* Network.swift */ = {isa = PBXFileReference; fileEncoding = 4; lastKnownFileType = sourcecode.swift; path = Network.swift; sourceTree = "<group>"; };
		51CEDF6E27F5248100FF8118 /* ContactListSpy.swift */ = {isa = PBXFileReference; fileEncoding = 4; lastKnownFileType = sourcecode.swift; path = ContactListSpy.swift; sourceTree = "<group>"; };
		51CEDF6F27F5248100FF8118 /* ContactListTests.swift */ = {isa = PBXFileReference; fileEncoding = 4; lastKnownFileType = sourcecode.swift; path = ContactListTests.swift; sourceTree = "<group>"; };
		51CEDF7027F5248100FF8118 /* ContactServiceStub.swift */ = {isa = PBXFileReference; fileEncoding = 4; lastKnownFileType = sourcecode.swift; path = ContactServiceStub.swift; sourceTree = "<group>"; };
		98584A69277E32C30028DBEA /* FinanceApp.app */ = {isa = PBXFileReference; explicitFileType = wrapper.application; includeInIndex = 0; path = FinanceApp.app; sourceTree = BUILT_PRODUCTS_DIR; };
		98584A7F277E32C60028DBEA /* FinanceAppTests.xctest */ = {isa = PBXFileReference; explicitFileType = wrapper.cfbundle; includeInIndex = 0; path = FinanceAppTests.xctest; sourceTree = BUILT_PRODUCTS_DIR; };
		98584A83277E32C60028DBEA /* FinanceAppTests.swift */ = {isa = PBXFileReference; lastKnownFileType = sourcecode.swift; path = FinanceAppTests.swift; sourceTree = "<group>"; };
		98584A89277E32C60028DBEA /* FinanceAppUITests.xctest */ = {isa = PBXFileReference; explicitFileType = wrapper.cfbundle; includeInIndex = 0; path = FinanceAppUITests.xctest; sourceTree = BUILT_PRODUCTS_DIR; };
		98584A8D277E32C60028DBEA /* FinanceAppUITests.swift */ = {isa = PBXFileReference; lastKnownFileType = sourcecode.swift; path = FinanceAppUITests.swift; sourceTree = "<group>"; };
		98584A8F277E32C60028DBEA /* FinanceAppUITestsLaunchTests.swift */ = {isa = PBXFileReference; lastKnownFileType = sourcecode.swift; path = FinanceAppUITestsLaunchTests.swift; sourceTree = "<group>"; };
/* End PBXFileReference section */

/* Begin PBXFrameworksBuildPhase section */
		98584A66277E32C30028DBEA /* Frameworks */ = {
			isa = PBXFrameworksBuildPhase;
			buildActionMask = 2147483647;
			files = (
			);
			runOnlyForDeploymentPostprocessing = 0;
		};
		98584A7C277E32C60028DBEA /* Frameworks */ = {
			isa = PBXFrameworksBuildPhase;
			buildActionMask = 2147483647;
			files = (
			);
			runOnlyForDeploymentPostprocessing = 0;
		};
		98584A86277E32C60028DBEA /* Frameworks */ = {
			isa = PBXFrameworksBuildPhase;
			buildActionMask = 2147483647;
			files = (
			);
			runOnlyForDeploymentPostprocessing = 0;
		};
/* End PBXFrameworksBuildPhase section */

/* Begin PBXGroup section */
		51CEDF1B27F5246A00FF8118 /* Models */ = {
			isa = PBXGroup;
			children = (
				51CEDF1C27F5246A00FF8118 /* ContactListModel.swift */,
				51CEDF1D27F5246A00FF8118 /* ActivityDetailsModel.swift */,
				51CEDF1E27F5246A00FF8118 /* TransferResult.swift */,
				51CEDF1F27F5246A00FF8118 /* HomeModel.swift */,
			);
			path = Models;
			sourceTree = "<group>";
		};
		51CEDF2027F5246A00FF8118 /* Screens */ = {
			isa = PBXGroup;
			children = (
				51CEDF2127F5246A00FF8118 /* ActivityDetails */,
				51CEDF2427F5246A00FF8118 /* Home */,
				51CEDF2727F5246A00FF8118 /* Transfers */,
				51CEDF2A27F5246A00FF8118 /* Confirmation */,
				51CEDF2D27F5246A00FF8118 /* ContactList */,
				51CEDF3327F5246A00FF8118 /* Components */,
				51CEDF3727F5246A00FF8118 /* UserProfile */,
			);
			path = Screens;
			sourceTree = "<group>";
		};
		51CEDF2127F5246A00FF8118 /* ActivityDetails */ = {
			isa = PBXGroup;
			children = (
				51CEDF2227F5246A00FF8118 /* ActivityDetailsView.swift */,
				51CEDF2327F5246A00FF8118 /* ActivityDetailsViewController.swift */,
			);
			path = ActivityDetails;
			sourceTree = "<group>";
		};
		51CEDF2427F5246A00FF8118 /* Home */ = {
			isa = PBXGroup;
			children = (
				51CEDF2527F5246A00FF8118 /* HomeView.swift */,
				51CEDF2627F5246A00FF8118 /* HomeViewController.swift */,
			);
			path = Home;
			sourceTree = "<group>";
		};
		51CEDF2727F5246A00FF8118 /* Transfers */ = {
			isa = PBXGroup;
			children = (
				51CEDF2827F5246A00FF8118 /* TransfersViewController.swift */,
				51CEDF2927F5246A00FF8118 /* TransfersView.swift */,
			);
			path = Transfers;
			sourceTree = "<group>";
		};
		51CEDF2A27F5246A00FF8118 /* Confirmation */ = {
			isa = PBXGroup;
			children = (
				51CEDF2B27F5246A00FF8118 /* ConfirmationViewController.swift */,
				51CEDF2C27F5246A00FF8118 /* ConfirmationView.swift */,
			);
			path = Confirmation;
			sourceTree = "<group>";
		};
		51CEDF2D27F5246A00FF8118 /* ContactList */ = {
			isa = PBXGroup;
			children = (
				51CEDF2E27F5246A00FF8118 /* ContactService.swift */,
				51CEDF2F27F5246A00FF8118 /* ContactCellView.swift */,
				51CEDF3027F5246A00FF8118 /* ContactListView.swift */,
				51CEDF3127F5246A00FF8118 /* ContactListViewController.swift */,
				51CEDF3227F5246A00FF8118 /* ContactListFactory.swift */,
			);
			path = ContactList;
			sourceTree = "<group>";
		};
		51CEDF3327F5246A00FF8118 /* Components */ = {
			isa = PBXGroup;
			children = (
				51CEDF3427F5246A00FF8118 /* TabBarViewController.swift */,
				51CEDF3527F5246A00FF8118 /* LoadingView.swift */,
				51CEDF3627F5246A00FF8118 /* SampleView.swift */,
			);
			path = Components;
			sourceTree = "<group>";
		};
		51CEDF3727F5246A00FF8118 /* UserProfile */ = {
			isa = PBXGroup;
			children = (
				51CEDF3827F5246A00FF8118 /* UserProfileViewController.swift */,
				51CEDF3927F5246A00FF8118 /* UserProfileView.swift */,
			);
			path = UserProfile;
			sourceTree = "<group>";
		};
		51CEDF3A27F5246A00FF8118 /* Extensions */ = {
			isa = PBXGroup;
			children = (
				51CEDF3B27F5246A00FF8118 /* String+Extensions.swift */,
				51CEDF3C27F5246A00FF8118 /* ViewConfiguration.swift */,
				51CEDF3D27F5246A00FF8118 /* UITableViewCell+Extensions.swift */,
			);
			path = Extensions;
			sourceTree = "<group>";
		};
		51CEDF3E27F5246B00FF8118 /* AppDelegate */ = {
			isa = PBXGroup;
			children = (
				51CEDF3F27F5246B00FF8118 /* AppDelegate.swift */,
				51CEDF4027F5246B00FF8118 /* SceneDelegate.swift */,
			);
			path = AppDelegate;
			sourceTree = "<group>";
		};
		51CEDF4127F5246B00FF8118 /* DebugYourViews */ = {
			isa = PBXGroup;
			children = (
				51CEDF4227F5246B00FF8118 /* DebugViewController.swift */,
			);
			path = DebugYourViews;
			sourceTree = "<group>";
		};
		51CEDF4327F5246B00FF8118 /* Service */ = {
			isa = PBXGroup;
			children = (
				51CEDF4427F5246B00FF8118 /* FinanceService.swift */,
			);
			path = Service;
			sourceTree = "<group>";
		};
		51CEDF4527F5246B00FF8118 /* Resources */ = {
			isa = PBXGroup;
			children = (
				51CEDF4627F5246B00FF8118 /* Assets.xcassets */,
				51CEDF4727F5246B00FF8118 /* LaunchScreen.storyboard */,
				51CEDF4927F5246B00FF8118 /* Info.plist */,
			);
			path = Resources;
			sourceTree = "<group>";
		};
		51CEDF4A27F5246C00FF8118 /* Network */ = {
			isa = PBXGroup;
			children = (
				51CEDF4B27F5246C00FF8118 /* Network.swift */,
			);
			path = Network;
			sourceTree = "<group>";
		};
		51CEDF6D27F5248100FF8118 /* ContactList */ = {
			isa = PBXGroup;
			children = (
				51CEDF6E27F5248100FF8118 /* ContactListSpy.swift */,
				51CEDF6F27F5248100FF8118 /* ContactListTests.swift */,
				51CEDF7027F5248100FF8118 /* ContactServiceStub.swift */,
			);
			path = ContactList;
			sourceTree = "<group>";
		};
		98584A60277E32C30028DBEA = {
			isa = PBXGroup;
			children = (
				98584A6B277E32C30028DBEA /* FinanceApp */,
				98584A82277E32C60028DBEA /* FinanceAppTests */,
				98584A8C277E32C60028DBEA /* FinanceAppUITests */,
				98584A6A277E32C30028DBEA /* Products */,
			);
			sourceTree = "<group>";
		};
		98584A6A277E32C30028DBEA /* Products */ = {
			isa = PBXGroup;
			children = (
				98584A69277E32C30028DBEA /* FinanceApp.app */,
				98584A7F277E32C60028DBEA /* FinanceAppTests.xctest */,
				98584A89277E32C60028DBEA /* FinanceAppUITests.xctest */,
			);
			name = Products;
			sourceTree = "<group>";
		};
		98584A6B277E32C30028DBEA /* FinanceApp */ = {
			isa = PBXGroup;
			children = (
				51CEDF3E27F5246B00FF8118 /* AppDelegate */,
				51CEDF4127F5246B00FF8118 /* DebugYourViews */,
				51CEDF3A27F5246A00FF8118 /* Extensions */,
				51CEDF1B27F5246A00FF8118 /* Models */,
				51CEDF4A27F5246C00FF8118 /* Network */,
				51CEDF4527F5246B00FF8118 /* Resources */,
				51CEDF2027F5246A00FF8118 /* Screens */,
				51CEDF4327F5246B00FF8118 /* Service */,
			);
			path = FinanceApp;
			sourceTree = "<group>";
		};
		98584A82277E32C60028DBEA /* FinanceAppTests */ = {
			isa = PBXGroup;
			children = (
				51CEDF6D27F5248100FF8118 /* ContactList */,
				98584A83277E32C60028DBEA /* FinanceAppTests.swift */,
			);
			path = FinanceAppTests;
			sourceTree = "<group>";
		};
		98584A8C277E32C60028DBEA /* FinanceAppUITests */ = {
			isa = PBXGroup;
			children = (
				98584A8D277E32C60028DBEA /* FinanceAppUITests.swift */,
				98584A8F277E32C60028DBEA /* FinanceAppUITestsLaunchTests.swift */,
			);
			path = FinanceAppUITests;
			sourceTree = "<group>";
		};
/* End PBXGroup section */

/* Begin PBXNativeTarget section */
		98584A68277E32C30028DBEA /* FinanceApp */ = {
			isa = PBXNativeTarget;
			buildConfigurationList = 98584A93277E32C60028DBEA /* Build configuration list for PBXNativeTarget "FinanceApp" */;
			buildPhases = (
				98584A65277E32C30028DBEA /* Sources */,
				98584A66277E32C30028DBEA /* Frameworks */,
				98584A67277E32C30028DBEA /* Resources */,
			);
			buildRules = (
			);
			dependencies = (
			);
			name = FinanceApp;
			productName = FinanceApp;
			productReference = 98584A69277E32C30028DBEA /* FinanceApp.app */;
			productType = "com.apple.product-type.application";
		};
		98584A7E277E32C60028DBEA /* FinanceAppTests */ = {
			isa = PBXNativeTarget;
			buildConfigurationList = 98584A96277E32C60028DBEA /* Build configuration list for PBXNativeTarget "FinanceAppTests" */;
			buildPhases = (
				98584A7B277E32C60028DBEA /* Sources */,
				98584A7C277E32C60028DBEA /* Frameworks */,
				98584A7D277E32C60028DBEA /* Resources */,
			);
			buildRules = (
			);
			dependencies = (
				98584A81277E32C60028DBEA /* PBXTargetDependency */,
			);
			name = FinanceAppTests;
			productName = FinanceAppTests;
			productReference = 98584A7F277E32C60028DBEA /* FinanceAppTests.xctest */;
			productType = "com.apple.product-type.bundle.unit-test";
		};
		98584A88277E32C60028DBEA /* FinanceAppUITests */ = {
			isa = PBXNativeTarget;
			buildConfigurationList = 98584A99277E32C60028DBEA /* Build configuration list for PBXNativeTarget "FinanceAppUITests" */;
			buildPhases = (
				98584A85277E32C60028DBEA /* Sources */,
				98584A86277E32C60028DBEA /* Frameworks */,
				98584A87277E32C60028DBEA /* Resources */,
			);
			buildRules = (
			);
			dependencies = (
				98584A8B277E32C60028DBEA /* PBXTargetDependency */,
			);
			name = FinanceAppUITests;
			productName = FinanceAppUITests;
			productReference = 98584A89277E32C60028DBEA /* FinanceAppUITests.xctest */;
			productType = "com.apple.product-type.bundle.ui-testing";
		};
/* End PBXNativeTarget section */

/* Begin PBXProject section */
		98584A61277E32C30028DBEA /* Project object */ = {
			isa = PBXProject;
			attributes = {
				BuildIndependentTargetsInParallel = 1;
				LastSwiftUpdateCheck = 1320;
				LastUpgradeCheck = 1320;
				TargetAttributes = {
					98584A68277E32C30028DBEA = {
						CreatedOnToolsVersion = 13.2.1;
					};
					98584A7E277E32C60028DBEA = {
						CreatedOnToolsVersion = 13.2.1;
						TestTargetID = 98584A68277E32C30028DBEA;
					};
					98584A88277E32C60028DBEA = {
						CreatedOnToolsVersion = 13.2.1;
						TestTargetID = 98584A68277E32C30028DBEA;
					};
				};
			};
			buildConfigurationList = 98584A64277E32C30028DBEA /* Build configuration list for PBXProject "FinanceApp" */;
			compatibilityVersion = "Xcode 13.0";
			developmentRegion = en;
			hasScannedForEncodings = 0;
			knownRegions = (
				en,
				Base,
			);
			mainGroup = 98584A60277E32C30028DBEA;
			productRefGroup = 98584A6A277E32C30028DBEA /* Products */;
			projectDirPath = "";
			projectRoot = "";
			targets = (
				98584A68277E32C30028DBEA /* FinanceApp */,
				98584A7E277E32C60028DBEA /* FinanceAppTests */,
				98584A88277E32C60028DBEA /* FinanceAppUITests */,
			);
		};
/* End PBXProject section */

/* Begin PBXResourcesBuildPhase section */
		98584A67277E32C30028DBEA /* Resources */ = {
			isa = PBXResourcesBuildPhase;
			buildActionMask = 2147483647;
			files = (
				51CEDF6927F5246C00FF8118 /* Assets.xcassets in Resources */,
				51CEDF6A27F5246C00FF8118 /* LaunchScreen.storyboard in Resources */,
				51CEDF6B27F5246C00FF8118 /* Info.plist in Resources */,
			);
			runOnlyForDeploymentPostprocessing = 0;
		};
		98584A7D277E32C60028DBEA /* Resources */ = {
			isa = PBXResourcesBuildPhase;
			buildActionMask = 2147483647;
			files = (
			);
			runOnlyForDeploymentPostprocessing = 0;
		};
		98584A87277E32C60028DBEA /* Resources */ = {
			isa = PBXResourcesBuildPhase;
			buildActionMask = 2147483647;
			files = (
			);
			runOnlyForDeploymentPostprocessing = 0;
		};
/* End PBXResourcesBuildPhase section */

/* Begin PBXSourcesBuildPhase section */
		98584A65277E32C30028DBEA /* Sources */ = {
			isa = PBXSourcesBuildPhase;
			buildActionMask = 2147483647;
			files = (
				51CEDF5F27F5246C00FF8118 /* SampleView.swift in Sources */,
				51CEDF5A27F5246C00FF8118 /* ContactListView.swift in Sources */,
				51CEDF5B27F5246C00FF8118 /* ContactListViewController.swift in Sources */,
				51CEDF5427F5246C00FF8118 /* TransfersViewController.swift in Sources */,
				51CEDF5927F5246C00FF8118 /* ContactCellView.swift in Sources */,
				51CEDF5D27F5246C00FF8118 /* TabBarViewController.swift in Sources */,
				51CEDF5727F5246C00FF8118 /* ConfirmationView.swift in Sources */,
				51CEDF6127F5246C00FF8118 /* UserProfileView.swift in Sources */,
				51CEDF6527F5246C00FF8118 /* AppDelegate.swift in Sources */,
				51CEDF4F27F5246C00FF8118 /* HomeModel.swift in Sources */,
				51CEDF5227F5246C00FF8118 /* HomeView.swift in Sources */,
				51CEDF6627F5246C00FF8118 /* SceneDelegate.swift in Sources */,
				51CEDF5527F5246C00FF8118 /* TransfersView.swift in Sources */,
				51CEDF5627F5246C00FF8118 /* ConfirmationViewController.swift in Sources */,
				51CEDF4E27F5246C00FF8118 /* TransferResult.swift in Sources */,
				51CEDF5327F5246C00FF8118 /* HomeViewController.swift in Sources */,
				51CEDF5827F5246C00FF8118 /* ContactService.swift in Sources */,
				51CEDF4C27F5246C00FF8118 /* ContactListModel.swift in Sources */,
				51CEDF5C27F5246C00FF8118 /* ContactListFactory.swift in Sources */,
				51CEDF6027F5246C00FF8118 /* UserProfileViewController.swift in Sources */,
				51CEDF6C27F5246C00FF8118 /* Network.swift in Sources */,
				51CEDF4D27F5246C00FF8118 /* ActivityDetailsModel.swift in Sources */,
				51CEDF6827F5246C00FF8118 /* FinanceService.swift in Sources */,
				51CEDF6227F5246C00FF8118 /* String+Extensions.swift in Sources */,
				51CEDF6727F5246C00FF8118 /* DebugViewController.swift in Sources */,
				51CEDF5127F5246C00FF8118 /* ActivityDetailsViewController.swift in Sources */,
				51CEDF6327F5246C00FF8118 /* ViewConfiguration.swift in Sources */,
				51CEDF5E27F5246C00FF8118 /* LoadingView.swift in Sources */,
				51CEDF6427F5246C00FF8118 /* UITableViewCell+Extensions.swift in Sources */,
				51CEDF5027F5246C00FF8118 /* ActivityDetailsView.swift in Sources */,
			);
			runOnlyForDeploymentPostprocessing = 0;
		};
		98584A7B277E32C60028DBEA /* Sources */ = {
			isa = PBXSourcesBuildPhase;
			buildActionMask = 2147483647;
			files = (
				98584A84277E32C60028DBEA /* FinanceAppTests.swift in Sources */,
				51CEDF7227F5248100FF8118 /* ContactListTests.swift in Sources */,
				51CEDF7327F5248100FF8118 /* ContactServiceStub.swift in Sources */,
				51CEDF7127F5248100FF8118 /* ContactListSpy.swift in Sources */,
			);
			runOnlyForDeploymentPostprocessing = 0;
		};
		98584A85277E32C60028DBEA /* Sources */ = {
			isa = PBXSourcesBuildPhase;
			buildActionMask = 2147483647;
			files = (
				98584A8E277E32C60028DBEA /* FinanceAppUITests.swift in Sources */,
				98584A90277E32C60028DBEA /* FinanceAppUITestsLaunchTests.swift in Sources */,
			);
			runOnlyForDeploymentPostprocessing = 0;
		};
/* End PBXSourcesBuildPhase section */

/* Begin PBXTargetDependency section */
		98584A81277E32C60028DBEA /* PBXTargetDependency */ = {
			isa = PBXTargetDependency;
			target = 98584A68277E32C30028DBEA /* FinanceApp */;
			targetProxy = 98584A80277E32C60028DBEA /* PBXContainerItemProxy */;
		};
		98584A8B277E32C60028DBEA /* PBXTargetDependency */ = {
			isa = PBXTargetDependency;
			target = 98584A68277E32C30028DBEA /* FinanceApp */;
			targetProxy = 98584A8A277E32C60028DBEA /* PBXContainerItemProxy */;
		};
/* End PBXTargetDependency section */

/* Begin PBXVariantGroup section */
		51CEDF4727F5246B00FF8118 /* LaunchScreen.storyboard */ = {
			isa = PBXVariantGroup;
			children = (
				51CEDF4827F5246B00FF8118 /* Base */,
			);
			name = LaunchScreen.storyboard;
			sourceTree = "<group>";
		};
/* End PBXVariantGroup section */

/* Begin XCBuildConfiguration section */
		98584A91277E32C60028DBEA /* Debug */ = {
			isa = XCBuildConfiguration;
			buildSettings = {
				ALWAYS_SEARCH_USER_PATHS = NO;
				CLANG_ANALYZER_NONNULL = YES;
				CLANG_ANALYZER_NUMBER_OBJECT_CONVERSION = YES_AGGRESSIVE;
				CLANG_CXX_LANGUAGE_STANDARD = "gnu++17";
				CLANG_CXX_LIBRARY = "libc++";
				CLANG_ENABLE_MODULES = YES;
				CLANG_ENABLE_OBJC_ARC = YES;
				CLANG_ENABLE_OBJC_WEAK = YES;
				CLANG_WARN_BLOCK_CAPTURE_AUTORELEASING = YES;
				CLANG_WARN_BOOL_CONVERSION = YES;
				CLANG_WARN_COMMA = YES;
				CLANG_WARN_CONSTANT_CONVERSION = YES;
				CLANG_WARN_DEPRECATED_OBJC_IMPLEMENTATIONS = YES;
				CLANG_WARN_DIRECT_OBJC_ISA_USAGE = YES_ERROR;
				CLANG_WARN_DOCUMENTATION_COMMENTS = YES;
				CLANG_WARN_EMPTY_BODY = YES;
				CLANG_WARN_ENUM_CONVERSION = YES;
				CLANG_WARN_INFINITE_RECURSION = YES;
				CLANG_WARN_INT_CONVERSION = YES;
				CLANG_WARN_NON_LITERAL_NULL_CONVERSION = YES;
				CLANG_WARN_OBJC_IMPLICIT_RETAIN_SELF = YES;
				CLANG_WARN_OBJC_LITERAL_CONVERSION = YES;
				CLANG_WARN_OBJC_ROOT_CLASS = YES_ERROR;
				CLANG_WARN_QUOTED_INCLUDE_IN_FRAMEWORK_HEADER = YES;
				CLANG_WARN_RANGE_LOOP_ANALYSIS = YES;
				CLANG_WARN_STRICT_PROTOTYPES = YES;
				CLANG_WARN_SUSPICIOUS_MOVE = YES;
				CLANG_WARN_UNGUARDED_AVAILABILITY = YES_AGGRESSIVE;
				CLANG_WARN_UNREACHABLE_CODE = YES;
				CLANG_WARN__DUPLICATE_METHOD_MATCH = YES;
				COPY_PHASE_STRIP = NO;
				DEBUG_INFORMATION_FORMAT = dwarf;
				ENABLE_STRICT_OBJC_MSGSEND = YES;
				ENABLE_TESTABILITY = YES;
				GCC_C_LANGUAGE_STANDARD = gnu11;
				GCC_DYNAMIC_NO_PIC = NO;
				GCC_NO_COMMON_BLOCKS = YES;
				GCC_OPTIMIZATION_LEVEL = 0;
				GCC_PREPROCESSOR_DEFINITIONS = (
					"DEBUG=1",
					"$(inherited)",
				);
				GCC_WARN_64_TO_32_BIT_CONVERSION = YES;
				GCC_WARN_ABOUT_RETURN_TYPE = YES_ERROR;
				GCC_WARN_UNDECLARED_SELECTOR = YES;
				GCC_WARN_UNINITIALIZED_AUTOS = YES_AGGRESSIVE;
				GCC_WARN_UNUSED_FUNCTION = YES;
				GCC_WARN_UNUSED_VARIABLE = YES;
				IPHONEOS_DEPLOYMENT_TARGET = 15.2;
				MTL_ENABLE_DEBUG_INFO = INCLUDE_SOURCE;
				MTL_FAST_MATH = YES;
				ONLY_ACTIVE_ARCH = YES;
				SDKROOT = iphoneos;
				SWIFT_ACTIVE_COMPILATION_CONDITIONS = DEBUG;
				SWIFT_OPTIMIZATION_LEVEL = "-Onone";
			};
			name = Debug;
		};
		98584A92277E32C60028DBEA /* Release */ = {
			isa = XCBuildConfiguration;
			buildSettings = {
				ALWAYS_SEARCH_USER_PATHS = NO;
				CLANG_ANALYZER_NONNULL = YES;
				CLANG_ANALYZER_NUMBER_OBJECT_CONVERSION = YES_AGGRESSIVE;
				CLANG_CXX_LANGUAGE_STANDARD = "gnu++17";
				CLANG_CXX_LIBRARY = "libc++";
				CLANG_ENABLE_MODULES = YES;
				CLANG_ENABLE_OBJC_ARC = YES;
				CLANG_ENABLE_OBJC_WEAK = YES;
				CLANG_WARN_BLOCK_CAPTURE_AUTORELEASING = YES;
				CLANG_WARN_BOOL_CONVERSION = YES;
				CLANG_WARN_COMMA = YES;
				CLANG_WARN_CONSTANT_CONVERSION = YES;
				CLANG_WARN_DEPRECATED_OBJC_IMPLEMENTATIONS = YES;
				CLANG_WARN_DIRECT_OBJC_ISA_USAGE = YES_ERROR;
				CLANG_WARN_DOCUMENTATION_COMMENTS = YES;
				CLANG_WARN_EMPTY_BODY = YES;
				CLANG_WARN_ENUM_CONVERSION = YES;
				CLANG_WARN_INFINITE_RECURSION = YES;
				CLANG_WARN_INT_CONVERSION = YES;
				CLANG_WARN_NON_LITERAL_NULL_CONVERSION = YES;
				CLANG_WARN_OBJC_IMPLICIT_RETAIN_SELF = YES;
				CLANG_WARN_OBJC_LITERAL_CONVERSION = YES;
				CLANG_WARN_OBJC_ROOT_CLASS = YES_ERROR;
				CLANG_WARN_QUOTED_INCLUDE_IN_FRAMEWORK_HEADER = YES;
				CLANG_WARN_RANGE_LOOP_ANALYSIS = YES;
				CLANG_WARN_STRICT_PROTOTYPES = YES;
				CLANG_WARN_SUSPICIOUS_MOVE = YES;
				CLANG_WARN_UNGUARDED_AVAILABILITY = YES_AGGRESSIVE;
				CLANG_WARN_UNREACHABLE_CODE = YES;
				CLANG_WARN__DUPLICATE_METHOD_MATCH = YES;
				COPY_PHASE_STRIP = NO;
				DEBUG_INFORMATION_FORMAT = "dwarf-with-dsym";
				ENABLE_NS_ASSERTIONS = NO;
				ENABLE_STRICT_OBJC_MSGSEND = YES;
				GCC_C_LANGUAGE_STANDARD = gnu11;
				GCC_NO_COMMON_BLOCKS = YES;
				GCC_WARN_64_TO_32_BIT_CONVERSION = YES;
				GCC_WARN_ABOUT_RETURN_TYPE = YES_ERROR;
				GCC_WARN_UNDECLARED_SELECTOR = YES;
				GCC_WARN_UNINITIALIZED_AUTOS = YES_AGGRESSIVE;
				GCC_WARN_UNUSED_FUNCTION = YES;
				GCC_WARN_UNUSED_VARIABLE = YES;
				IPHONEOS_DEPLOYMENT_TARGET = 15.2;
				MTL_ENABLE_DEBUG_INFO = NO;
				MTL_FAST_MATH = YES;
				SDKROOT = iphoneos;
				SWIFT_COMPILATION_MODE = wholemodule;
				SWIFT_OPTIMIZATION_LEVEL = "-O";
				VALIDATE_PRODUCT = YES;
			};
			name = Release;
		};
		98584A94277E32C60028DBEA /* Debug */ = {
			isa = XCBuildConfiguration;
			buildSettings = {
				ASSETCATALOG_COMPILER_APPICON_NAME = AppIcon;
				ASSETCATALOG_COMPILER_GLOBAL_ACCENT_COLOR_NAME = AccentColor;
				CODE_SIGN_STYLE = Automatic;
				CURRENT_PROJECT_VERSION = 1;
				DEVELOPMENT_TEAM = B8F644M47X;
				GENERATE_INFOPLIST_FILE = YES;
				INFOPLIST_FILE = FinanceApp/Resources/Info.plist;
				INFOPLIST_KEY_UIApplicationSupportsIndirectInputEvents = YES;
				INFOPLIST_KEY_UILaunchStoryboardName = LaunchScreen;
				INFOPLIST_KEY_UIMainStoryboardFile = "";
				INFOPLIST_KEY_UISupportedInterfaceOrientations_iPad = "UIInterfaceOrientationPortrait UIInterfaceOrientationPortraitUpsideDown UIInterfaceOrientationLandscapeLeft UIInterfaceOrientationLandscapeRight";
				INFOPLIST_KEY_UISupportedInterfaceOrientations_iPhone = "UIInterfaceOrientationPortrait UIInterfaceOrientationLandscapeLeft UIInterfaceOrientationLandscapeRight";
				LD_RUNPATH_SEARCH_PATHS = (
					"$(inherited)",
					"@executable_path/Frameworks",
				);
				MARKETING_VERSION = 1.0;
				PRODUCT_BUNDLE_IDENTIFIER = com.devpass.FinanceApp;
				PRODUCT_NAME = "$(TARGET_NAME)";
				SWIFT_EMIT_LOC_STRINGS = YES;
				SWIFT_VERSION = 5.0;
				TARGETED_DEVICE_FAMILY = "1,2";
			};
			name = Debug;
		};
		98584A95277E32C60028DBEA /* Release */ = {
			isa = XCBuildConfiguration;
			buildSettings = {
				ASSETCATALOG_COMPILER_APPICON_NAME = AppIcon;
				ASSETCATALOG_COMPILER_GLOBAL_ACCENT_COLOR_NAME = AccentColor;
				CODE_SIGN_STYLE = Automatic;
				CURRENT_PROJECT_VERSION = 1;
				DEVELOPMENT_TEAM = B8F644M47X;
				GENERATE_INFOPLIST_FILE = YES;
				INFOPLIST_FILE = FinanceApp/Resources/Info.plist;
				INFOPLIST_KEY_UIApplicationSupportsIndirectInputEvents = YES;
				INFOPLIST_KEY_UILaunchStoryboardName = LaunchScreen;
				INFOPLIST_KEY_UIMainStoryboardFile = "";
				INFOPLIST_KEY_UISupportedInterfaceOrientations_iPad = "UIInterfaceOrientationPortrait UIInterfaceOrientationPortraitUpsideDown UIInterfaceOrientationLandscapeLeft UIInterfaceOrientationLandscapeRight";
				INFOPLIST_KEY_UISupportedInterfaceOrientations_iPhone = "UIInterfaceOrientationPortrait UIInterfaceOrientationLandscapeLeft UIInterfaceOrientationLandscapeRight";
				LD_RUNPATH_SEARCH_PATHS = (
					"$(inherited)",
					"@executable_path/Frameworks",
				);
				MARKETING_VERSION = 1.0;
				PRODUCT_BUNDLE_IDENTIFIER = com.devpass.FinanceApp;
				PRODUCT_NAME = "$(TARGET_NAME)";
				SWIFT_EMIT_LOC_STRINGS = YES;
				SWIFT_VERSION = 5.0;
				TARGETED_DEVICE_FAMILY = "1,2";
			};
			name = Release;
		};
		98584A97277E32C60028DBEA /* Debug */ = {
			isa = XCBuildConfiguration;
			buildSettings = {
				ALWAYS_EMBED_SWIFT_STANDARD_LIBRARIES = YES;
				BUNDLE_LOADER = "$(TEST_HOST)";
				CODE_SIGN_STYLE = Automatic;
				CURRENT_PROJECT_VERSION = 1;
				DEVELOPMENT_TEAM = B8F644M47X;
				GENERATE_INFOPLIST_FILE = YES;
				IPHONEOS_DEPLOYMENT_TARGET = 15.2;
				MARKETING_VERSION = 1.0;
				PRODUCT_BUNDLE_IDENTIFIER = com.devpass.FinanceAppTests;
				PRODUCT_NAME = "$(TARGET_NAME)";
				SWIFT_EMIT_LOC_STRINGS = NO;
				SWIFT_VERSION = 5.0;
				TARGETED_DEVICE_FAMILY = "1,2";
				TEST_HOST = "$(BUILT_PRODUCTS_DIR)/FinanceApp.app/FinanceApp";
			};
			name = Debug;
		};
		98584A98277E32C60028DBEA /* Release */ = {
			isa = XCBuildConfiguration;
			buildSettings = {
				ALWAYS_EMBED_SWIFT_STANDARD_LIBRARIES = YES;
				BUNDLE_LOADER = "$(TEST_HOST)";
				CODE_SIGN_STYLE = Automatic;
				CURRENT_PROJECT_VERSION = 1;
				DEVELOPMENT_TEAM = B8F644M47X;
				GENERATE_INFOPLIST_FILE = YES;
				IPHONEOS_DEPLOYMENT_TARGET = 15.2;
				MARKETING_VERSION = 1.0;
				PRODUCT_BUNDLE_IDENTIFIER = com.devpass.FinanceAppTests;
				PRODUCT_NAME = "$(TARGET_NAME)";
				SWIFT_EMIT_LOC_STRINGS = NO;
				SWIFT_VERSION = 5.0;
				TARGETED_DEVICE_FAMILY = "1,2";
				TEST_HOST = "$(BUILT_PRODUCTS_DIR)/FinanceApp.app/FinanceApp";
			};
			name = Release;
		};
		98584A9A277E32C60028DBEA /* Debug */ = {
			isa = XCBuildConfiguration;
			buildSettings = {
				ALWAYS_EMBED_SWIFT_STANDARD_LIBRARIES = YES;
				CODE_SIGN_STYLE = Automatic;
				CURRENT_PROJECT_VERSION = 1;
				DEVELOPMENT_TEAM = B8F644M47X;
				GENERATE_INFOPLIST_FILE = YES;
				MARKETING_VERSION = 1.0;
				PRODUCT_BUNDLE_IDENTIFIER = com.devpass.FinanceAppUITests;
				PRODUCT_NAME = "$(TARGET_NAME)";
				SWIFT_EMIT_LOC_STRINGS = NO;
				SWIFT_VERSION = 5.0;
				TARGETED_DEVICE_FAMILY = "1,2";
				TEST_TARGET_NAME = FinanceApp;
			};
			name = Debug;
		};
		98584A9B277E32C60028DBEA /* Release */ = {
			isa = XCBuildConfiguration;
			buildSettings = {
				ALWAYS_EMBED_SWIFT_STANDARD_LIBRARIES = YES;
				CODE_SIGN_STYLE = Automatic;
				CURRENT_PROJECT_VERSION = 1;
				DEVELOPMENT_TEAM = B8F644M47X;
				GENERATE_INFOPLIST_FILE = YES;
				MARKETING_VERSION = 1.0;
				PRODUCT_BUNDLE_IDENTIFIER = com.devpass.FinanceAppUITests;
				PRODUCT_NAME = "$(TARGET_NAME)";
				SWIFT_EMIT_LOC_STRINGS = NO;
				SWIFT_VERSION = 5.0;
				TARGETED_DEVICE_FAMILY = "1,2";
				TEST_TARGET_NAME = FinanceApp;
			};
			name = Release;
		};
/* End XCBuildConfiguration section */

/* Begin XCConfigurationList section */
		98584A64277E32C30028DBEA /* Build configuration list for PBXProject "FinanceApp" */ = {
			isa = XCConfigurationList;
			buildConfigurations = (
				98584A91277E32C60028DBEA /* Debug */,
				98584A92277E32C60028DBEA /* Release */,
			);
			defaultConfigurationIsVisible = 0;
			defaultConfigurationName = Release;
		};
		98584A93277E32C60028DBEA /* Build configuration list for PBXNativeTarget "FinanceApp" */ = {
			isa = XCConfigurationList;
			buildConfigurations = (
				98584A94277E32C60028DBEA /* Debug */,
				98584A95277E32C60028DBEA /* Release */,
			);
			defaultConfigurationIsVisible = 0;
			defaultConfigurationName = Release;
		};
		98584A96277E32C60028DBEA /* Build configuration list for PBXNativeTarget "FinanceAppTests" */ = {
			isa = XCConfigurationList;
			buildConfigurations = (
				98584A97277E32C60028DBEA /* Debug */,
				98584A98277E32C60028DBEA /* Release */,
			);
			defaultConfigurationIsVisible = 0;
			defaultConfigurationName = Release;
		};
		98584A99277E32C60028DBEA /* Build configuration list for PBXNativeTarget "FinanceAppUITests" */ = {
			isa = XCConfigurationList;
			buildConfigurations = (
				98584A9A277E32C60028DBEA /* Debug */,
				98584A9B277E32C60028DBEA /* Release */,
			);
			defaultConfigurationIsVisible = 0;
			defaultConfigurationName = Release;
		};
/* End XCConfigurationList section */
	};
	rootObject = 98584A61277E32C30028DBEA /* Project object */;
}
